{
    "name": "cocos-mcp-server",
    "version": "1.5.4",
    "lockfileVersion": 3,
    "requires": true,
    "packages": {
        "": {
            "name": "cocos-mcp-server",
            "version": "1.5.4",
            "hasInstallScript": true,
            "dependencies": {
                "fs-extra": "^11.3.0",
                "uuid": "^9.0.1",
                "vue": "^3.1.4"
            },
            "devDependencies": {
                "@cocos/creator-types": "^3.8.6",
                "@types/fs-extra": "^9.0.5",
                "@types/node": "^18.17.1",
                "@types/uuid": "^9.0.8",
                "typescript": "^5.8.2"
            }
        },
        "node_modules/@babel/helper-string-parser": {
            "version": "7.29.7",
            "resolved": "https://registry.npmjs.org/@babel/helper-string-parser/-/helper-string-parser-7.29.7.tgz",
            "integrity": "sha512-Pb5ijPrZ89GDH8223L4UP8i6QApWxs04RbPQJTeWDV0/keR2E36MeKnyr6LYmUUvqRRI+Iv87SuF1W6ErINzYw==",
            "license": "MIT",
            "engines": {
                "node": ">=6.9.0"
            }
        },
        "node_modules/@babel/helper-validator-identifier": {
            "version": "7.29.7",
            "resolved": "https://registry.npmjs.org/@babel/helper-validator-identifier/-/helper-validator-identifier-7.29.7.tgz",
            "integrity": "sha512-qehxGkRj55h/ff8EMaJ+cYhyaKlHIxqYDn682wQD7RNp9UujOQsHog2uS0r2vzr4pW+sXf90NeeayjcNaX3fFg==",
            "license": "MIT",
            "engines": {
                "node": ">=6.9.0"
            }
        },
        "node_modules/@babel/parser": {
            "version": "7.29.8",
            "resolved": "https://registry.npmjs.org/@babel/parser/-/parser-7.29.8.tgz",
            "integrity": "sha512-E8lTAYNB1KW+FH+VGJuZM1ioAx2E6oVlvQFRrf5P8ZZmsiJXYAD9vTFV7yyEURNzgh1dFqMZuO6tUwcARbqFCA==",
            "license": "MIT",
            "dependencies": {
                "@babel/types": "^7.29.8"
            },
            "bin": {
                "parser": "bin/babel-parser.js"
            },
            "engines": {
                "node": ">=6.0.0"
            }
        },
        "node_modules/@babel/types": {
            "version": "7.29.8",
            "resolved": "https://registry.npmjs.org/@babel/types/-/types-7.29.8.tgz",
            "integrity": "sha512-Vj1jF3cPfxg7OAfoI7QnVKLoILlm2JF9pnVHrX8qx7AHMiYWT+NDAA7jChlNgRS4WTLc/fD1lXLmPixluj+3Gg==",
            "license": "MIT",
            "dependencies": {
                "@babel/helper-string-parser": "^7.29.7",
                "@babel/helper-validator-identifier": "^7.29.7"
            },
            "engines": {
                "node": ">=6.9.0"
            }
        },
        "node_modules/@cocos/creator-types": {
            "version": "3.8.8",
            "resolved": "https://registry.npmjs.org/@cocos/creator-types/-/creator-types-3.8.8.tgz",
            "integrity": "sha512-VAn8lWxUZ7LwPWwU/Lj7BOjsy0EoNFtjTqO7jz9bysYdjAJu7Jht/WKJbWYNHeZEC/omE7rTw98giuVRiTuELg==",
            "dev": true,
            "license": "ISC"
        },
        "node_modules/@jridgewell/sourcemap-codec": {
            "version": "1.6.0",
            "resolved": "https://registry.npmjs.org/@jridgewell/sourcemap-codec/-/sourcemap-codec-1.6.0.tgz",
            "integrity": "sha512-T7jf+5zgsZHwNJ4lvQ7/aezbyk0nNX+zJVWpmHA7VYsEx7a7qr5Rg5IbtJFqkgze5Y2sruq1RUY8Q837Od7iFw==",
            "license": "MIT"
        },
        "node_modules/@types/fs-extra": {
            "version": "9.0.13",
            "resolved": "https://registry.npmjs.org/@types/fs-extra/-/fs-extra-9.0.13.tgz",
            "integrity": "sha512-nEnwB++1u5lVDM2UI4c1+5R+FYaKfaAzS4OococimjVm3nQw3TuzH5UNsocrcTBbhnerblyHj4A49qXbIiZdpA==",
            "dev": true,
            "license": "MIT",
            "dependencies": {
                "@types/node": "*"
            }
        },
        "node_modules/@types/node": {
            "version": "18.19.130",
            "resolved": "https://registry.npmjs.org/@types/node/-/node-18.19.130.tgz",
            "integrity": "sha512-GRaXQx6jGfL8sKfaIDD6OupbIHBr9jv7Jnaml9tB7l4v068PAOXqfcujMMo5PhbIs6ggR1XODELqahT2R8v0fg==",
            "dev": true,
            "license": "MIT",
            "dependencies": {
                "undici-types": "~5.26.4"
            }
        },
        "node_modules/@types/uuid": {
            "version": "9.0.8",
            "resolved": "https://registry.npmjs.org/@types/uuid/-/uuid-9.0.8.tgz",
            "integrity": "sha512-jg+97EGIcY9AGHJJRaaPVgetKDsrTgbRjQ5Msgjh/DQKEFl0DtyRr/VCOyD1T2R1MNeWPK/u7JoGhlDZnKBAfA==",
            "dev": true,
            "license": "MIT"
        },
        "node_modules/@vue/compiler-core": {
            "version": "3.5.42",
            "resolved": "https://registry.npmjs.org/@vue/compiler-core/-/compiler-core-3.5.42.tgz",
            "integrity": "sha512-2Ye1ilMtKXxl8qZUrQ5j0CdgenFp/HFQmta6rfRyfEsTG69L6Wk+tWuNoHYHMx9E8tF2Slvdg1FuwDvAXdy1LQ==",
            "license": "MIT",
            "dependencies": {
                "@babel/parser": "^7.29.8",
                "@vue/shared": "3.5.42",
                "entities": "^7.0.1",
                "estree-walker": "^2.0.2",
                "source-map-js": "^1.2.1"
            }
        },
        "node_modules/@vue/compiler-dom": {
            "version": "3.5.42",
            "resolved": "https://registry.npmjs.org/@vue/compiler-dom/-/compiler-dom-3.5.42.tgz",
            "integrity": "sha512-qbhQZEFmycr+ni/qyuccS4sucNN7VAbDfbkvNxWOX2VfgFm90MNs3/UhRNKoPMEIVn0F8gdlYjLPvqxHwHeQOA==",
            "license": "MIT",
            "dependencies": {
                "@vue/compiler-core": "3.5.42",
                "@vue/shared": "3.5.42"
            }
        },
        "node_modules/@vue/compiler-sfc": {
            "version": "3.5.42",
            "resolved": "https://registry.npmjs.org/@vue/compiler-sfc/-/compiler-sfc-3.5.42.tgz",
            "integrity": "sha512-fkCAFB4okcAANGMThboWnScp/gzWjU0ZSkVnjTIiplmMDq2uq0tIB3j+xVu4rhv5rvOgBySCysudmbMd6xRRqw==",
            "license": "MIT",
            "dependencies": {
                "@babel/parser": "^7.29.8",
                "@vue/compiler-core": "3.5.42",
                "@vue/compiler-dom": "3.5.42",
                "@vue/compiler-ssr": "3.5.42",
                "@vue/shared": "3.5.42",
                "estree-walker": "^2.0.2",
                "magic-string": "^0.30.21",
                "postcss": "^8.5.19",
                "source-map-js": "^1.2.1"
            }
        },
        "node_modules/@vue/compiler-ssr": {
            "version": "3.5.42",
            "resolved": "https://registry.npmjs.org/@vue/compiler-ssr/-/compiler-ssr-3.5.42.tgz",
            "integrity": "sha512-xmLk3wLkbizPAiLyomjgFFosf2ys9b5Ghb+oh/k2tnvipNz8OFrQOiTcWCzyK7MpBp9KkyGtfvgfLUivbmuGYA==",
            "license": "MIT",
            "dependencies": {
                "@vue/compiler-dom": "3.5.42",
                "@vue/shared": "3.5.42"
            }
        },
        "node_modules/@vue/reactivity": {
            "version": "3.5.42",
            "resolved": "https://registry.npmjs.org/@vue/reactivity/-/reactivity-3.5.42.tgz",
            "integrity": "sha512-TzNNfKpb7hDxbQltwAut8VDQA5YP+BuRlxntHUuRjyKwlMvmAPbs3unhCvieijifY6vFfVBwsS7wG/C7uq+bEQ==",
            "license": "MIT",
            "dependencies": {
                "@vue/shared": "3.5.42"
            }
        },
        "node_modules/@vue/runtime-core": {
            "version": "3.5.42",
            "resolved": "https://registry.npmjs.org/@vue/runtime-core/-/runtime-core-3.5.42.tgz",
            "integrity": "sha512-9uACtuHs7vJGkm5Bp3xu4xRDLFTIYy5DgxpToVjqGIAhAEKwQfsaLvKINhM6nFVp6bZPRFGdDqd1g52MqKsotA==",
            "license": "MIT",
            "dependencies": {
                "@vue/reactivity": "3.5.42",
                "@vue/shared": "3.5.42"
            }
        },
        "node_modules/@vue/runtime-dom": {
            "version": "3.5.42",
            "resolved": "https://registry.npmjs.org/@vue/runtime-dom/-/runtime-dom-3.5.42.tgz",
            "integrity": "sha512-rsCmhiWLaRxGltLwhlCWyYkFn7WAbKRh0q17eZ1A6Dq6eqc2ACQ61IIryxz0LrsvCzHSilLA9JHovVwM8CNE2g==",
            "license": "MIT",
            "dependencies": {
                "@vue/reactivity": "3.5.42",
                "@vue/runtime-core": "3.5.42",
                "@vue/shared": "3.5.42",
                "csstype": "^3.2.3"
            }
        },
        "node_modules/@vue/server-renderer": {
            "version": "3.5.42",
            "resolved": "https://registry.npmjs.org/@vue/server-renderer/-/server-renderer-3.5.42.tgz",
            "integrity": "sha512-2++5dUyYS4gvo7xQXSECUDhB7TS0aOl5SeVfC5qSq1Jgfhjvegw1zqhwTIR3imZ+QYPJQw9gfcFvXGAjGZ7ajQ==",
            "license": "MIT",
            "dependencies": {
                "@vue/compiler-ssr": "3.5.42",
                "@vue/runtime-dom": "3.5.42",
                "@vue/shared": "3.5.42"
            }
        },
        "node_modules/@vue/shared": {
            "version": "3.5.42",
            "resolved": "https://registry.npmjs.org/@vue/shared/-/shared-3.5.42.tgz",
            "integrity": "sha512-2rPxex1jQf4jvl9MOHl6YaXCPcrNqz/FstMOEh3QWY+/OME9nQTvl9WYeCwhW7AFjaR0SnngZGlp/wkR6rkI6g==",
            "license": "MIT"
        },
        "node_modules/csstype": {
            "version": "3.2.3",
            "resolved": "https://registry.npmjs.org/csstype/-/csstype-3.2.3.tgz",
            "integrity": "sha512-z1HGKcYy2xA8AGQfwrn0PAy+PB7X/GSj3UVJW9qKyn43xWa+gl5nXmU4qqLMRzWVLFC8KusUX8T/0kCiOYpAIQ==",
            "license": "MIT"
        },
        "node_modules/entities": {
            "version": "7.0.1",
            "resolved": "https://registry.npmjs.org/entities/-/entities-7.0.1.tgz",
            "integrity": "sha512-TWrgLOFUQTH994YUyl1yT4uyavY5nNB5muff+RtWaqNVCAK408b5ZnnbNAUEWLTCpum9w6arT70i1XdQ4UeOPA==",
            "license": "BSD-2-Clause",
            "engines": {
                "node": ">=0.12"
            },
            "funding": {
                "url": "https://github.com/fb55/entities?sponsor=1"
            }
        },
        "node_modules/estree-walker": {
            "version": "2.0.2",
            "resolved": "https://registry.npmjs.org/estree-walker/-/estree-walker-2.0.2.tgz",
            "integrity": "sha512-Rfkk/Mp/DL7JVje3u18FxFujQlTNR2q6QfMSMB7AvCBx91NGj/ba3kCfza0f6dVDbw7YlRf/nDrn7pQrCCyQ/w==",
            "license": "MIT"
        },
        "node_modules/fs-extra": {
            "version": "11.4.0",
            "resolved": "https://registry.npmjs.org/fs-extra/-/fs-extra-11.4.0.tgz",
            "integrity": "sha512-EQsFzMUJkCKGr1ePqlYADkIUmHW1s3ZXr5Yqy6wbGrfUCphpl2maM/kyOIRA2HpP3AaFQTZXD4ldjek+nccddA==",
            "license": "MIT",
            "dependencies": {
                "graceful-fs": "^4.2.0",
                "jsonfile": "^6.0.1",
                "universalify": "^2.0.0"
            },
            "engines": {
                "node": ">=14.14"
            }
        },
        "node_modules/graceful-fs": {
            "version": "4.2.11",
            "resolved": "https://registry.npmjs.org/graceful-fs/-/graceful-fs-4.2.11.tgz",
            "integrity": "sha512-RbJ5/jmFcNNCcDV5o9eTnBLJ/HszWV0P73bc+Ff4nS/rJj+YaS6IGyiOL0VoBYX+l1Wrl3k63h/KrH+nhJ0XvQ==",
            "license": "ISC"
        },
        "node_modules/jsonfile": {
            "version": "6.2.1",
            "resolved": "https://registry.npmjs.org/jsonfile/-/jsonfile-6.2.1.tgz",
            "integrity": "sha512-zwOTdL3rFQ/lRdBnntKVOX6k5cKJwEc1HdilT71BWEu7J41gXIB2MRp+vxduPSwZJPWBxEzv4yH1wYLJGUHX4Q==",
            "license": "MIT",
            "dependencies": {
                "universalify": "^2.0.0"
            },
            "optionalDependencies": {
                "graceful-fs": "^4.1.6"
            }
        },
        "node_modules/magic-string": {
            "version": "0.30.21",
            "resolved": "https://registry.npmjs.org/magic-string/-/magic-string-0.30.21.tgz",
            "integrity": "sha512-vd2F4YUyEXKGcLHoq+TEyCjxueSeHnFxyyjNp80yg0XV4vUhnDer/lvvlqM/arB5bXQN5K2/3oinyCRyx8T2CQ==",
            "license": "MIT",
            "dependencies": {
                "@jridgewell/sourcemap-codec": "^1.5.5"
            }
        },
        "node_modules/nanoid": {
            "version": "3.3.19",
            "resolved": "https://registry.npmjs.org/nanoid/-/nanoid-3.3.19.tgz",
            "integrity": "sha512-Y2tUNy4ouw6tq5oDSKeQYGOyhkUBhNOcGV/02KC+6kd9eDGqdZd++mjMiIDilrBYvjEnCYvVtsuHCuP+okSfug==",
            "funding": [
                {
                    "type": "github",
                    "url": "https://github.com/sponsors/ai"
                }
            ],
            "license": "MIT",
            "bin": {
                "nanoid": "bin/nanoid.cjs"
            },
            "engines": {
                "node": "^10 || ^12 || ^13.7 || ^14 || >=15.0.1"
            }
        },
        "node_modules/picocolors": {
            "version": "1.1.1",
            "resolved": "https://registry.npmjs.org/picocolors/-/picocolors-1.1.1.tgz",
            "integrity": "sha512-xceH2snhtb5M9liqDsmEw56le376mTZkEX/jEb/RxNFyegNul7eNslCXP9FDj/Lcu0X8KEyMceP2ntpaHrDEVA==",
            "license": "ISC"
        },
        "node_modules/postcss": {
            "version": "8.5.28",
            "resolved": "https://registry.npmjs.org/postcss/-/postcss-8.5.28.tgz",
            "integrity": "sha512-RRuzqDtt5Y9h3quz5hWhK+TPnsmVs6WwSU6LkJMeY4HstUEDuYTG8UJSdawMRzmzAtV+KEoG8N3Qg2qLy5vM/A==",
            "funding": [
                {
                    "type": "opencollective",
                    "url": "https://opencollective.com/postcss/"
                },
                {
                    "type": "tidelift",
                    "url": "https://tidelift.com/funding/github/npm/postcss"
                },
                {
                    "type": "github",
                    "url": "https://github.com/sponsors/ai"
                }
            ],
            "license": "MIT",
            "dependencies": {
                "nanoid": "^3.3.18",
                "picocolors": "^1.1.1",
                "source-map-js": "^1.2.1"
            },
            "engines": {
                "node": "^10 || ^12 || >=14"
            }
        },
        "node_modules/source-map-js": {
            "version": "1.2.1",
            "resolved": "https://registry.npmjs.org/source-map-js/-/source-map-js-1.2.1.tgz",
            "integrity": "sha512-UXWMKhLOwVKb728IUtQPXxfYU+usdybtUrK/8uGE8CQMvrhOpwvzDBwj0QhSL7MQc7vIsISBG8VQ8+IDQxpfQA==",
            "license": "BSD-3-Clause",
            "engines": {
                "node": ">=0.10.0"
            }
        },
        "node_modules/typescript": {
            "version": "5.9.3",
            "resolved": "https://registry.npmjs.org/typescript/-/typescript-5.9.3.tgz",
            "integrity": "sha512-jl1vZzPDinLr9eUt3J/t7V6FgNEw9QjvBPdysz9KfQDD41fQrC2Y4vKQdiaUpFT4bXlb1RHhLpp8wtm6M5TgSw==",
            "devOptional": true,
            "license": "Apache-2.0",
            "bin": {
                "tsc": "bin/tsc",
                "tsserver": "bin/tsserver"
            },
            "engines": {
                "node": ">=14.17"
            }
        },
        "node_modules/undici-types": {
            "version": "5.26.5",
            "resolved": "https://registry.npmjs.org/undici-types/-/undici-types-5.26.5.tgz",
            "integrity": "sha512-JlCMO+ehdEIKqlFxk6IfVoAUVmgz7cU7zD/h9XZ0qzeosSHmUJVOzSQvvYSYWXkFXC+IfLKSIffhv0sVZup6pA==",
            "dev": true,
            "license": "MIT"
        },
        "node_modules/universalify": {
            "version": "2.0.1",
            "resolved": "https://registry.npmjs.org/universalify/-/universalify-2.0.1.tgz",
            "integrity": "sha512-gptHNQghINnc/vTGIk0SOFGFNXw7JVrlRUtConJRlvaw6DuX0wO5Jeko9sWrMBhh+PsYAZ7oXAiOnf/UKogyiw==",
            "license": "MIT",
            "engines": {
                "node": ">= 10.0.0"
            }
        },
        "node_modules/uuid": {
            "version": "9.0.1",
            "resolved": "https://registry.npmjs.org/uuid/-/uuid-9.0.1.tgz",
            "integrity": "sha512-b+1eJOlsR9K8HJpow9Ok3fiWOWSIcIzXodvv0rQjVoOVNpWMpxf1wZNpt4y9h10odCNrqnYp1OBzRktckBe3sA==",
            "deprecated": "uuid@10 and below is no longer supported.  For ESM codebases, update to uuid@latest.  For CommonJS codebases, use uuid@11 (but be aware this version will likely be deprecated in 2028).",
            "funding": [
                "https://github.com/sponsors/broofa",
                "https://github.com/sponsors/ctavan"
            ],
            "license": "MIT",
            "bin": {
                "uuid": "dist/bin/uuid"
            }
        },
        "node_modules/vue": {
            "version": "3.5.42",
            "resolved": "https://registry.npmjs.org/vue/-/vue-3.5.42.tgz",
            "integrity": "sha512-4RyHQTbQvOPs3MfvUO1Sg0YRrKNnA0mAVtvpd12Tg1fKDN7OHBUl1IqSn8zGJjK9nI3NkNp8cgTpVrSZC5TTcA==",
            "license": "MIT",
            "dependencies": {
                "@vue/compiler-dom": "3.5.42",
                "@vue/compiler-sfc": "3.5.42",
                "@vue/runtime-dom": "3.5.42",
                "@vue/server-renderer": "3.5.42",
                "@vue/shared": "3.5.42"
            },
            "peerDependencies": {
                "typescript": "*"
            },
            "peerDependenciesMeta": {
                "typescript": {
                    "optional": true
                }
            }
        }
    }
}
